
Microsoft Visual Studio Solution File, Format Version 12.00
# Visual Studio Version 16
VisualStudioVersion = 16.0.31205.134
MinimumVisualStudioVersion = 10.0.40219.1
Project("{9A19103F-16F7-4668-BE54-9A1E7A4F7556}") = "ShapesProcessing", "ShapesProcessing\ShapesProcessing.csproj", "{07900074-AACF-425E-8986-E4EEE1645762}"
EndProject
Project("{FAE04EC0-301F-11D3-BF4B-00C04F79EFBC}") = "ShapeClient", "ShapeClient\ShapeClient.csproj", "{F60D9BA7-3B9B-4EF4-BE4B-7C87B25A454B}"
EndProject
Global
	GlobalSection(SolutionConfigurationPlatforms) = preSolution
		Debug|Any CPU = Debug|Any CPU
		Release|Any CPU = Release|Any CPU
	EndGlobalSection
	GlobalSection(ProjectConfigurationPlatforms) = postSolution
		{07900074-AACF-425E-8986-E4EEE1645762}.Debug|Any CPU.ActiveCfg = Debug|Any CPU
		{07900074-AACF-425E-8986-E4EEE1645762}.Debug|Any CPU.Build.0 = Debug|Any CPU
		{07900074-AACF-425E-8986-E4EEE1645762}.Release|Any CPU.ActiveCfg = Release|Any CPU
		{07900074-AACF-425E-8986-E4EEE1645762}.Release|Any CPU.Build.0 = Release|Any CPU
		{F60D9BA7-3B9B-4EF4-BE4B-7C87B25A454B}.Debug|Any CPU.ActiveCfg = Debug|Any CPU
		{F60D9BA7-3B9B-4EF4-BE4B-7C87B25A454B}.Debug|Any CPU.Build.0 = Debug|Any CPU
		{F60D9BA7-3B9B-4EF4-BE4B-7C87B25A454B}.Release|Any CPU.ActiveCfg = Release|Any CPU
		{F60D9BA7-3B9B-4EF4-BE4B-7C87B25A454B}.Release|Any CPU.Build.0 = Release|Any CPU
	EndGlobalSection
	GlobalSection(SolutionProperties) = preSolution
		HideSolutionNode = FALSE
	EndGlobalSection
	GlobalSection(ExtensibilityGlobals) = postSolution
		SolutionGuid = {F4712438-8916-4F0B-9B4D-B8B1A0C9F319}
	EndGlobalSection
EndGlobal
